
Microsoft Visual Studio Solution File, Format Version 12.00
# Visual Studio Version 17
VisualStudioVersion = 17.5.33424.131
MinimumVisualStudioVersion = 10.0.40219.1
Project("{FAE04EC0-301F-11D3-BF4B-00C04F79EFBC}") = "Test", "Test.csproj", "{E1CF8E63-9DF7-44E0-88C2-B7378843B8DD}"
EndProject
Global
	GlobalSection(SolutionConfigurationPlatforms) = preSolution
		Debug|Any CPU = Debug|Any CPU
		Release|Any CPU = Release|Any CPU
	EndGlobalSection
	GlobalSection(ProjectConfigurationPlatforms) = postSolution
		{E1CF8E63-9DF7-44E0-88C2-B7378843B8DD}.Debug|Any CPU.ActiveCfg = Debug|Any CPU
		{E1CF8E63-9DF7-44E0-88C2-B7378843B8DD}.Debug|Any CPU.Build.0 = Debug|Any CPU
		{E1CF8E63-9DF7-44E0-88C2-B7378843B8DD}.Release|Any CPU.ActiveCfg = Release|Any CPU
		{E1CF8E63-9DF7-44E0-88C2-B7378843B8DD}.Release|Any CPU.Build.0 = Release|Any CPU
	EndGlobalSection
	GlobalSection(SolutionProperties) = preSolution
		HideSolutionNode = FALSE
	EndGlobalSection
	GlobalSection(ExtensibilityGlobals) = postSolution
		SolutionGuid = {38049195-2FB9-4DA3-B64A-BD20ACB64DB5}
	EndGlobalSection
EndGlobal
