
Microsoft Visual Studio Solution File, Format Version 12.00
# Visual Studio Version 17
VisualStudioVersion = 17.5.33424.131
MinimumVisualStudioVersion = 10.0.40219.1
Project("{FAE04EC0-301F-11D3-BF4B-00C04F79EFBC}") = "CopperFromScanning", "CopperFromScanning.csproj", "{1097BD85-2839-4857-BC06-D4DB5DB86669}"
EndProject
Global
	GlobalSection(SolutionConfigurationPlatforms) = preSolution
		Debug|Any CPU = Debug|Any CPU
		Release|Any CPU = Release|Any CPU
	EndGlobalSection
	GlobalSection(ProjectConfigurationPlatforms) = postSolution
		{1097BD85-2839-4857-BC06-D4DB5DB86669}.Debug|Any CPU.ActiveCfg = Debug|Any CPU
		{1097BD85-2839-4857-BC06-D4DB5DB86669}.Debug|Any CPU.Build.0 = Debug|Any CPU
		{1097BD85-2839-4857-BC06-D4DB5DB86669}.Release|Any CPU.ActiveCfg = Release|Any CPU
		{1097BD85-2839-4857-BC06-D4DB5DB86669}.Release|Any CPU.Build.0 = Release|Any CPU
	EndGlobalSection
	GlobalSection(SolutionProperties) = preSolution
		HideSolutionNode = FALSE
	EndGlobalSection
	GlobalSection(ExtensibilityGlobals) = postSolution
		SolutionGuid = {3E959087-DB87-4F61-9A14-14B839B9EF8B}
	EndGlobalSection
EndGlobal
