
Microsoft Visual Studio Solution File, Format Version 12.00
# Visual Studio Version 17
VisualStudioVersion = 17.5.33424.131
MinimumVisualStudioVersion = 10.0.40219.1
Project("{FAE04EC0-301F-11D3-BF4B-00C04F79EFBC}") = "LongerSigns", "LongerSigns.csproj", "{F0CC6A68-5E91-4D90-B4A5-DC15DB9C13E8}"
EndProject
Global
	GlobalSection(SolutionConfigurationPlatforms) = preSolution
		Debug|Any CPU = Debug|Any CPU
		Release|Any CPU = Release|Any CPU
	EndGlobalSection
	GlobalSection(ProjectConfigurationPlatforms) = postSolution
		{F0CC6A68-5E91-4D90-B4A5-DC15DB9C13E8}.Debug|Any CPU.ActiveCfg = Debug|Any CPU
		{F0CC6A68-5E91-4D90-B4A5-DC15DB9C13E8}.Debug|Any CPU.Build.0 = Debug|Any CPU
		{F0CC6A68-5E91-4D90-B4A5-DC15DB9C13E8}.Release|Any CPU.ActiveCfg = Release|Any CPU
		{F0CC6A68-5E91-4D90-B4A5-DC15DB9C13E8}.Release|Any CPU.Build.0 = Release|Any CPU
	EndGlobalSection
	GlobalSection(SolutionProperties) = preSolution
		HideSolutionNode = FALSE
	EndGlobalSection
	GlobalSection(ExtensibilityGlobals) = postSolution
		SolutionGuid = {0B779FA9-01E7-4AD8-93C4-331A68DC9FEF}
	EndGlobalSection
EndGlobal
