
Microsoft Visual Studio Solution File, Format Version 12.00
Project("{FAE04EC0-301F-11D3-BF4B-00C04F79EFBC}") = "GetCreatureIdsCommand", "GetCreatureIdsCommand.csproj", "{C83750D0-D6D1-468F-83A7-C827B5A636CE}"
EndProject
Global
	GlobalSection(SolutionConfigurationPlatforms) = preSolution
		Debug|Any CPU = Debug|Any CPU
		Release|Any CPU = Release|Any CPU
	EndGlobalSection
	GlobalSection(ProjectConfigurationPlatforms) = postSolution
		{C83750D0-D6D1-468F-83A7-C827B5A636CE}.Debug|Any CPU.ActiveCfg = Debug|Any CPU
		{C83750D0-D6D1-468F-83A7-C827B5A636CE}.Debug|Any CPU.Build.0 = Debug|Any CPU
		{C83750D0-D6D1-468F-83A7-C827B5A636CE}.Release|Any CPU.ActiveCfg = Release|Any CPU
		{C83750D0-D6D1-468F-83A7-C827B5A636CE}.Release|Any CPU.Build.0 = Release|Any CPU
	EndGlobalSection
EndGlobal
