
Microsoft Visual Studio Solution File, Format Version 12.00
# Visual Studio Version 17
VisualStudioVersion = 17.0.31912.275
MinimumVisualStudioVersion = 10.0.40219.1
Project("{9A19103F-16F7-4668-BE54-9A1E7A4F7556}") = "DebugHelper", "DebugHelper\DebugHelper.csproj", "{A4C2D6CD-DBE8-4615-881C-E71C90BFA1D3}"
EndProject
Global
	GlobalSection(SolutionConfigurationPlatforms) = preSolution
		BZ|Any CPU = BZ|Any CPU
		Debug|Any CPU = Debug|Any CPU
		Release|Any CPU = Release|Any CPU
		SN1|Any CPU = SN1|Any CPU
	EndGlobalSection
	GlobalSection(ProjectConfigurationPlatforms) = postSolution
		{A4C2D6CD-DBE8-4615-881C-E71C90BFA1D3}.BZ|Any CPU.ActiveCfg = BZ|Any CPU
		{A4C2D6CD-DBE8-4615-881C-E71C90BFA1D3}.BZ|Any CPU.Build.0 = BZ|Any CPU
		{A4C2D6CD-DBE8-4615-881C-E71C90BFA1D3}.Debug|Any CPU.ActiveCfg = Debug|Any CPU
		{A4C2D6CD-DBE8-4615-881C-E71C90BFA1D3}.Debug|Any CPU.Build.0 = Debug|Any CPU
		{A4C2D6CD-DBE8-4615-881C-E71C90BFA1D3}.Release|Any CPU.ActiveCfg = Release|Any CPU
		{A4C2D6CD-DBE8-4615-881C-E71C90BFA1D3}.Release|Any CPU.Build.0 = Release|Any CPU
		{A4C2D6CD-DBE8-4615-881C-E71C90BFA1D3}.SN1|Any CPU.ActiveCfg = SN1|Any CPU
		{A4C2D6CD-DBE8-4615-881C-E71C90BFA1D3}.SN1|Any CPU.Build.0 = SN1|Any CPU
	EndGlobalSection
	GlobalSection(SolutionProperties) = preSolution
		HideSolutionNode = FALSE
	EndGlobalSection
	GlobalSection(ExtensibilityGlobals) = postSolution
		SolutionGuid = {CC47B9E3-2682-4417-9AAC-B0889398493E}
	EndGlobalSection
EndGlobal
