
Microsoft Visual Studio Solution File, Format Version 12.00
Project("{FAE04EC0-301F-11D3-BF4B-00C04F79EFBC}") = "GenerateBasePrefabCommand", "GenerateBasePrefabCommand.csproj", "{6B7839BD-ADCF-46E3-B45E-429720E08DC4}"
EndProject
Global
	GlobalSection(SolutionConfigurationPlatforms) = preSolution
		Debug|Any CPU = Debug|Any CPU
		Release|Any CPU = Release|Any CPU
	EndGlobalSection
	GlobalSection(ProjectConfigurationPlatforms) = postSolution
		{6B7839BD-ADCF-46E3-B45E-429720E08DC4}.Debug|Any CPU.ActiveCfg = Debug|Any CPU
		{6B7839BD-ADCF-46E3-B45E-429720E08DC4}.Debug|Any CPU.Build.0 = Debug|Any CPU
		{6B7839BD-ADCF-46E3-B45E-429720E08DC4}.Release|Any CPU.ActiveCfg = Release|Any CPU
		{6B7839BD-ADCF-46E3-B45E-429720E08DC4}.Release|Any CPU.Build.0 = Release|Any CPU
	EndGlobalSection
EndGlobal
