
Microsoft Visual Studio Solution File, Format Version 12.00
# Visual Studio Version 17
VisualStudioVersion = 17.5.33424.131
MinimumVisualStudioVersion = 10.0.40219.1
Project("{FAE04EC0-301F-11D3-BF4B-00C04F79EFBC}") = "DeExtinction", "DeExtinction.csproj", "{4AE5F388-C62A-4CD9-B09A-25771697B1E3}"
EndProject
Global
	GlobalSection(SolutionConfigurationPlatforms) = preSolution
		BZ|Any CPU = BZ|Any CPU
		SN1|Any CPU = SN1|Any CPU
	EndGlobalSection
	GlobalSection(ProjectConfigurationPlatforms) = postSolution
		{4AE5F388-C62A-4CD9-B09A-25771697B1E3}.BZ|Any CPU.ActiveCfg = BZ|Any CPU
		{4AE5F388-C62A-4CD9-B09A-25771697B1E3}.BZ|Any CPU.Build.0 = BZ|Any CPU
		{4AE5F388-C62A-4CD9-B09A-25771697B1E3}.SN1|Any CPU.ActiveCfg = SN1|Any CPU
		{4AE5F388-C62A-4CD9-B09A-25771697B1E3}.SN1|Any CPU.Build.0 = SN1|Any CPU
	EndGlobalSection
	GlobalSection(SolutionProperties) = preSolution
		HideSolutionNode = FALSE
	EndGlobalSection
	GlobalSection(ExtensibilityGlobals) = postSolution
		SolutionGuid = {C61FFB3B-76DA-41A7-AE9A-CB9BD9E7D387}
	EndGlobalSection
EndGlobal
