
Microsoft Visual Studio Solution File, Format Version 12.00
# Visual Studio Version 17
VisualStudioVersion = 17.5.33424.131
MinimumVisualStudioVersion = 10.0.40219.1
Project("{FAE04EC0-301F-11D3-BF4B-00C04F79EFBC}") = "BlueprintSearchBar", "BlueprintSearchBar.csproj", "{6A249E45-4844-48D8-8709-F9E75A819A6B}"
EndProject
Global
	GlobalSection(SolutionConfigurationPlatforms) = preSolution
		Debug|Any CPU = Debug|Any CPU
		Release|Any CPU = Release|Any CPU
	EndGlobalSection
	GlobalSection(ProjectConfigurationPlatforms) = postSolution
		{6A249E45-4844-48D8-8709-F9E75A819A6B}.Debug|Any CPU.ActiveCfg = Debug|Any CPU
		{6A249E45-4844-48D8-8709-F9E75A819A6B}.Debug|Any CPU.Build.0 = Debug|Any CPU
		{6A249E45-4844-48D8-8709-F9E75A819A6B}.Release|Any CPU.ActiveCfg = Release|Any CPU
		{6A249E45-4844-48D8-8709-F9E75A819A6B}.Release|Any CPU.Build.0 = Release|Any CPU
	EndGlobalSection
	GlobalSection(SolutionProperties) = preSolution
		HideSolutionNode = FALSE
	EndGlobalSection
	GlobalSection(ExtensibilityGlobals) = postSolution
		SolutionGuid = {85F169D2-6C9C-4069-88C4-32EA3D41B192}
	EndGlobalSection
EndGlobal
