
Microsoft Visual Studio Solution File, Format Version 12.00
# Visual Studio Version 17
VisualStudioVersion = 17.0.31912.275
MinimumVisualStudioVersion = 10.0.40219.1
Project("{FAE04EC0-301F-11D3-BF4B-00C04F79EFBC}") = "ResourceBonanza", "ResourceBonanza\ResourceBonanza.csproj", "{FC663AC9-F54A-47E3-BD2C-DCCF95FCB0B3}"
EndProject
Global
	GlobalSection(SolutionConfigurationPlatforms) = preSolution
		Debug|Any CPU = Debug|Any CPU
		Release|Any CPU = Release|Any CPU
	EndGlobalSection
	GlobalSection(ProjectConfigurationPlatforms) = postSolution
		{FC663AC9-F54A-47E3-BD2C-DCCF95FCB0B3}.Debug|Any CPU.ActiveCfg = Debug|Any CPU
		{FC663AC9-F54A-47E3-BD2C-DCCF95FCB0B3}.Debug|Any CPU.Build.0 = Debug|Any CPU
		{FC663AC9-F54A-47E3-BD2C-DCCF95FCB0B3}.Release|Any CPU.ActiveCfg = Release|Any CPU
		{FC663AC9-F54A-47E3-BD2C-DCCF95FCB0B3}.Release|Any CPU.Build.0 = Release|Any CPU
	EndGlobalSection
	GlobalSection(SolutionProperties) = preSolution
		HideSolutionNode = FALSE
	EndGlobalSection
	GlobalSection(ExtensibilityGlobals) = postSolution
		SolutionGuid = {D98B787E-75AC-4658-A2FF-F404B19EEDA3}
	EndGlobalSection
EndGlobal
