
Microsoft Visual Studio Solution File, Format Version 12.00
Project("{FAE04EC0-301F-11D3-BF4B-00C04F79EFBC}") = "EpicImprovedTextures", "EpicImprovedTextures.csproj", "{5AE79FD0-016D-4DC1-B4DC-A8449C8BF0DD}"
EndProject
Global
	GlobalSection(SolutionConfigurationPlatforms) = preSolution
		Debug|Any CPU = Debug|Any CPU
		Release|Any CPU = Release|Any CPU
	EndGlobalSection
	GlobalSection(ProjectConfigurationPlatforms) = postSolution
		{5AE79FD0-016D-4DC1-B4DC-A8449C8BF0DD}.Debug|Any CPU.ActiveCfg = Debug|Any CPU
		{5AE79FD0-016D-4DC1-B4DC-A8449C8BF0DD}.Debug|Any CPU.Build.0 = Debug|Any CPU
		{5AE79FD0-016D-4DC1-B4DC-A8449C8BF0DD}.Release|Any CPU.ActiveCfg = Release|Any CPU
		{5AE79FD0-016D-4DC1-B4DC-A8449C8BF0DD}.Release|Any CPU.Build.0 = Release|Any CPU
	EndGlobalSection
EndGlobal
