
Microsoft Visual Studio Solution File, Format Version 12.00
# Visual Studio Version 17
VisualStudioVersion = 17.6.33829.357
MinimumVisualStudioVersion = 10.0.40219.1
Project("{FAE04EC0-301F-11D3-BF4B-00C04F79EFBC}") = "MonkeySayMonkeyGet", "MonkeySayMonkeyGet.csproj", "{584EB503-DCA4-4975-ABAE-84C39DADECAB}"
EndProject
Global
	GlobalSection(SolutionConfigurationPlatforms) = preSolution
		Debug|Any CPU = Debug|Any CPU
		Release|Any CPU = Release|Any CPU
	EndGlobalSection
	GlobalSection(ProjectConfigurationPlatforms) = postSolution
		{584EB503-DCA4-4975-ABAE-84C39DADECAB}.Debug|Any CPU.ActiveCfg = Debug|Any CPU
		{584EB503-DCA4-4975-ABAE-84C39DADECAB}.Debug|Any CPU.Build.0 = Debug|Any CPU
		{584EB503-DCA4-4975-ABAE-84C39DADECAB}.Release|Any CPU.ActiveCfg = Release|Any CPU
		{584EB503-DCA4-4975-ABAE-84C39DADECAB}.Release|Any CPU.Build.0 = Release|Any CPU
	EndGlobalSection
	GlobalSection(SolutionProperties) = preSolution
		HideSolutionNode = FALSE
	EndGlobalSection
	GlobalSection(ExtensibilityGlobals) = postSolution
		SolutionGuid = {37293837-9D8E-49E2-B24F-F10DCD3A23B8}
	EndGlobalSection
EndGlobal
