
Microsoft Visual Studio Solution File, Format Version 12.00
# Visual Studio Version 17
VisualStudioVersion = 17.0.31912.275
MinimumVisualStudioVersion = 10.0.40219.1
Project("{FAE04EC0-301F-11D3-BF4B-00C04F79EFBC}") = "SeaVoyager", "SeaVoyager\SeaVoyager.csproj", "{15A8E1D3-EE9A-4BFF-A056-FB23D138B9A8}"
EndProject
Global
	GlobalSection(SolutionConfigurationPlatforms) = preSolution
		Debug|Any CPU = Debug|Any CPU
		Release|Any CPU = Release|Any CPU
	EndGlobalSection
	GlobalSection(ProjectConfigurationPlatforms) = postSolution
		{15A8E1D3-EE9A-4BFF-A056-FB23D138B9A8}.Debug|Any CPU.ActiveCfg = Debug|Any CPU
		{15A8E1D3-EE9A-4BFF-A056-FB23D138B9A8}.Debug|Any CPU.Build.0 = Debug|Any CPU
		{15A8E1D3-EE9A-4BFF-A056-FB23D138B9A8}.Release|Any CPU.ActiveCfg = Release|Any CPU
		{15A8E1D3-EE9A-4BFF-A056-FB23D138B9A8}.Release|Any CPU.Build.0 = Release|Any CPU
	EndGlobalSection
	GlobalSection(SolutionProperties) = preSolution
		HideSolutionNode = FALSE
	EndGlobalSection
	GlobalSection(ExtensibilityGlobals) = postSolution
		SolutionGuid = {C5BD2999-CEC5-49D1-9BC6-6F01160CA667}
	EndGlobalSection
EndGlobal
